# This file is autogenerated, do not edit; changes may be undone by the next 'dep ensure'.


[[projects]]
  digest = "1:76dc72490af7174349349838f2fe118996381b31ea83243812a97e5a0fd5ed55"
  name = "github.com/dgrijalva/jwt-go"
  packages = ["."]
  pruneopts = "UT"
  revision = "06ea1031745cb8b3dab3f6a236daf2b0aa468b7e"
  version = "v3.2.0"

[[projects]]
  branch = "master"
  digest = "1:31edd1b2caed9c9a9ab71843cde222dfeb50812cfdb0bdf6ff470dbee9c37faf"
  name = "github.com/function61/gokit"
  packages = [
    "assert",
    "cryptorandombytes",
    "ezhttp",
    "httpauth",
    "jsonfile",
    "logex",
  ]
  pruneopts = "UT"
  revision = "b7b811182b91a5c5a3000f9aa4dc9e214b6ff2c6"

[solve-meta]
  analyzer-name = "dep"
  analyzer-version = 1
  input-imports = [
    "github.com/function61/gokit/assert",
    "github.com/function61/gokit/cryptorandombytes",
    "github.com/function61/gokit/ezhttp",
    "github.com/function61/gokit/httpauth",
    "github.com/function61/gokit/jsonfile",
    "github.com/function61/gokit/logex",
  ]
  solver-name = "gps-cdcl"
  solver-version = 1
