# This file is autogenerated, do not edit; changes may be undone by the next 'dep ensure'.


[[projects]]
  digest = "1:76dc72490af7174349349838f2fe118996381b31ea83243812a97e5a0fd5ed55"
  name = "github.com/dgrijalva/jwt-go"
  packages = ["."]
  pruneopts = "UT"
  revision = "06ea1031745cb8b3dab3f6a236daf2b0aa468b7e"
  version = "v3.2.0"

[[projects]]
  branch = "master"
  digest = "1:86a9720bc91c561564edf90ad8204d4da366eea3bb1f051ca8ac8b338e37e02e"
  name = "github.com/function61/eventhorizon"
  packages = ["pkg/ehevent"]
  pruneopts = "UT"
  revision = "f89fe5d462ca6d7efd03a0b9b871bbec0ed513d9"

[[projects]]
  branch = "master"
  digest = "1:274d06c73667cfe37660443ffb1f7c5838f046bba9557351152b304d5199453a"
  name = "github.com/function61/gokit"
  packages = [
    "assert",
    "atomicfilewrite",
    "cryptorandombytes",
    "csrf",
    "ezhttp",
    "httpauth",
    "jsonfile",
    "sliceutil",
  ]
  pruneopts = "UT"
  revision = "6dd948616ce00c7922a7c471d642d860a8f19df1"

[[projects]]
  digest = "1:808cdddf087fb64baeae67b8dfaee2069034d9704923a3cb8bd96a995421a625"
  name = "github.com/patrickmn/go-cache"
  packages = ["."]
  pruneopts = "UT"
  revision = "a3647f8e31d79543b2d0f0ae2fe5c379d72cedc0"
  version = "v2.1.0"

[solve-meta]
  analyzer-name = "dep"
  analyzer-version = 1
  input-imports = [
    "github.com/function61/eventhorizon/pkg/ehevent",
    "github.com/function61/gokit/assert",
    "github.com/function61/gokit/ezhttp",
    "github.com/function61/gokit/httpauth",
    "github.com/function61/gokit/jsonfile",
    "github.com/function61/gokit/sliceutil",
  ]
  solver-name = "gps-cdcl"
  solver-version = 1
